
Microsoft Visual Studio Solution File, Format Version 12.00
# Visual Studio Version 17
VisualStudioVersion = 17.6.33723.286
MinimumVisualStudioVersion = 10.0.40219.1
Project("{9A19103F-16F7-4668-BE54-9A1E7A4F7556}") = "MeasurementsWebAPI", "MeasurementsWebAPI\MeasurementsWebAPI.csproj", "{5F4F652C-4682-4DD9-9F8E-BFC7EDDB30B4}"
EndProject
Project("{9A19103F-16F7-4668-BE54-9A1E7A4F7556}") = "MeasurementsModels", "MeasurementsModels\MeasurementsModels.csproj", "{BA6121A0-99B7-44F7-B3A6-3C0D7A207C46}"
EndProject
Project("{8BC9CEB8-8B4A-11D0-8D11-00A0C91BC942}") = "MeasurementsDLL", "MeasurementsDLL\MeasurementsDLL.vcxproj", "{2D8C76F9-C42F-450B-BAD8-8F00E458D541}"
EndProject
Project("{9A19103F-16F7-4668-BE54-9A1E7A4F7556}") = "MeasurementsUI", "MeasurementsUI\MeasurementsUI.csproj", "{A166D5D6-3C46-4804-98DD-EE54C2DDBA8D}"
EndProject
Project("{2150E333-8FDC-42A3-9474-1A3956D46DE8}") = "Database", "Database", "{C307B1FE-4263-4109-AFD7-7EF57B274972}"
	ProjectSection(SolutionItems) = preProject
		..\..\..\Downloads\MeasurementsDB.bak = ..\..\..\Downloads\MeasurementsDB.bak
	EndProjectSection
EndProject
Global
	GlobalSection(SolutionConfigurationPlatforms) = preSolution
		Debug|Any CPU = Debug|Any CPU
		Debug|x64 = Debug|x64
		Debug|x86 = Debug|x86
		Release|Any CPU = Release|Any CPU
		Release|x64 = Release|x64
		Release|x86 = Release|x86
	EndGlobalSection
	GlobalSection(ProjectConfigurationPlatforms) = postSolution
		{5F4F652C-4682-4DD9-9F8E-BFC7EDDB30B4}.Debug|Any CPU.ActiveCfg = Debug|Any CPU
		{5F4F652C-4682-4DD9-9F8E-BFC7EDDB30B4}.Debug|Any CPU.Build.0 = Debug|Any CPU
		{5F4F652C-4682-4DD9-9F8E-BFC7EDDB30B4}.Debug|x64.ActiveCfg = Debug|Any CPU
		{5F4F652C-4682-4DD9-9F8E-BFC7EDDB30B4}.Debug|x64.Build.0 = Debug|Any CPU
		{5F4F652C-4682-4DD9-9F8E-BFC7EDDB30B4}.Debug|x86.ActiveCfg = Debug|Any CPU
		{5F4F652C-4682-4DD9-9F8E-BFC7EDDB30B4}.Debug|x86.Build.0 = Debug|Any CPU
		{5F4F652C-4682-4DD9-9F8E-BFC7EDDB30B4}.Release|Any CPU.ActiveCfg = Release|Any CPU
		{5F4F652C-4682-4DD9-9F8E-BFC7EDDB30B4}.Release|Any CPU.Build.0 = Release|Any CPU
		{5F4F652C-4682-4DD9-9F8E-BFC7EDDB30B4}.Release|x64.ActiveCfg = Release|Any CPU
		{5F4F652C-4682-4DD9-9F8E-BFC7EDDB30B4}.Release|x64.Build.0 = Release|Any CPU
		{5F4F652C-4682-4DD9-9F8E-BFC7EDDB30B4}.Release|x86.ActiveCfg = Release|Any CPU
		{5F4F652C-4682-4DD9-9F8E-BFC7EDDB30B4}.Release|x86.Build.0 = Release|Any CPU
		{BA6121A0-99B7-44F7-B3A6-3C0D7A207C46}.Debug|Any CPU.ActiveCfg = Debug|Any CPU
		{BA6121A0-99B7-44F7-B3A6-3C0D7A207C46}.Debug|Any CPU.Build.0 = Debug|Any CPU
		{BA6121A0-99B7-44F7-B3A6-3C0D7A207C46}.Debug|x64.ActiveCfg = Debug|Any CPU
		{BA6121A0-99B7-44F7-B3A6-3C0D7A207C46}.Debug|x64.Build.0 = Debug|Any CPU
		{BA6121A0-99B7-44F7-B3A6-3C0D7A207C46}.Debug|x86.ActiveCfg = Debug|Any CPU
		{BA6121A0-99B7-44F7-B3A6-3C0D7A207C46}.Debug|x86.Build.0 = Debug|Any CPU
		{BA6121A0-99B7-44F7-B3A6-3C0D7A207C46}.Release|Any CPU.ActiveCfg = Release|Any CPU
		{BA6121A0-99B7-44F7-B3A6-3C0D7A207C46}.Release|Any CPU.Build.0 = Release|Any CPU
		{BA6121A0-99B7-44F7-B3A6-3C0D7A207C46}.Release|x64.ActiveCfg = Release|Any CPU
		{BA6121A0-99B7-44F7-B3A6-3C0D7A207C46}.Release|x64.Build.0 = Release|Any CPU
		{BA6121A0-99B7-44F7-B3A6-3C0D7A207C46}.Release|x86.ActiveCfg = Release|Any CPU
		{BA6121A0-99B7-44F7-B3A6-3C0D7A207C46}.Release|x86.Build.0 = Release|Any CPU
		{2D8C76F9-C42F-450B-BAD8-8F00E458D541}.Debug|Any CPU.ActiveCfg = Debug|x64
		{2D8C76F9-C42F-450B-BAD8-8F00E458D541}.Debug|Any CPU.Build.0 = Debug|x64
		{2D8C76F9-C42F-450B-BAD8-8F00E458D541}.Debug|x64.ActiveCfg = Debug|x64
		{2D8C76F9-C42F-450B-BAD8-8F00E458D541}.Debug|x64.Build.0 = Debug|x64
		{2D8C76F9-C42F-450B-BAD8-8F00E458D541}.Debug|x86.ActiveCfg = Debug|Win32
		{2D8C76F9-C42F-450B-BAD8-8F00E458D541}.Debug|x86.Build.0 = Debug|Win32
		{2D8C76F9-C42F-450B-BAD8-8F00E458D541}.Release|Any CPU.ActiveCfg = Release|x64
		{2D8C76F9-C42F-450B-BAD8-8F00E458D541}.Release|Any CPU.Build.0 = Release|x64
		{2D8C76F9-C42F-450B-BAD8-8F00E458D541}.Release|x64.ActiveCfg = Release|x64
		{2D8C76F9-C42F-450B-BAD8-8F00E458D541}.Release|x64.Build.0 = Release|x64
		{2D8C76F9-C42F-450B-BAD8-8F00E458D541}.Release|x86.ActiveCfg = Release|Win32
		{2D8C76F9-C42F-450B-BAD8-8F00E458D541}.Release|x86.Build.0 = Release|Win32
		{A166D5D6-3C46-4804-98DD-EE54C2DDBA8D}.Debug|Any CPU.ActiveCfg = Debug|Any CPU
		{A166D5D6-3C46-4804-98DD-EE54C2DDBA8D}.Debug|Any CPU.Build.0 = Debug|Any CPU
		{A166D5D6-3C46-4804-98DD-EE54C2DDBA8D}.Debug|x64.ActiveCfg = Debug|Any CPU
		{A166D5D6-3C46-4804-98DD-EE54C2DDBA8D}.Debug|x64.Build.0 = Debug|Any CPU
		{A166D5D6-3C46-4804-98DD-EE54C2DDBA8D}.Debug|x86.ActiveCfg = Debug|Any CPU
		{A166D5D6-3C46-4804-98DD-EE54C2DDBA8D}.Debug|x86.Build.0 = Debug|Any CPU
		{A166D5D6-3C46-4804-98DD-EE54C2DDBA8D}.Release|Any CPU.ActiveCfg = Release|Any CPU
		{A166D5D6-3C46-4804-98DD-EE54C2DDBA8D}.Release|Any CPU.Build.0 = Release|Any CPU
		{A166D5D6-3C46-4804-98DD-EE54C2DDBA8D}.Release|x64.ActiveCfg = Release|Any CPU
		{A166D5D6-3C46-4804-98DD-EE54C2DDBA8D}.Release|x64.Build.0 = Release|Any CPU
		{A166D5D6-3C46-4804-98DD-EE54C2DDBA8D}.Release|x86.ActiveCfg = Release|Any CPU
		{A166D5D6-3C46-4804-98DD-EE54C2DDBA8D}.Release|x86.Build.0 = Release|Any CPU
	EndGlobalSection
	GlobalSection(SolutionProperties) = preSolution
		HideSolutionNode = FALSE
	EndGlobalSection
	GlobalSection(ExtensibilityGlobals) = postSolution
		SolutionGuid = {646EBB57-A515-49CE-AF5B-EF8D8ECEA55F}
	EndGlobalSection
EndGlobal
